
Microsoft Visual Studio Solution File, Format Version 12.00
# Visual Studio Version 16
VisualStudioVersion = 16.0.31410.357
MinimumVisualStudioVersion = 10.0.40219.1
Project("{FAE04EC0-301F-11D3-BF4B-00C04F79EFBC}") = "ITMO.CS.WinForms", "ITMO.CS.WinForms\ITMO.CS.WinForms.csproj", "{370EE69B-4EA8-4D8E-97F2-09BF9BB7DB84}"
EndProject
Global
	GlobalSection(SolutionConfigurationPlatforms) = preSolution
		Debug|Any CPU = Debug|Any CPU
		Release|Any CPU = Release|Any CPU
	EndGlobalSection
	GlobalSection(ProjectConfigurationPlatforms) = postSolution
		{370EE69B-4EA8-4D8E-97F2-09BF9BB7DB84}.Debug|Any CPU.ActiveCfg = Debug|Any CPU
		{370EE69B-4EA8-4D8E-97F2-09BF9BB7DB84}.Debug|Any CPU.Build.0 = Debug|Any CPU
		{370EE69B-4EA8-4D8E-97F2-09BF9BB7DB84}.Release|Any CPU.ActiveCfg = Release|Any CPU
		{370EE69B-4EA8-4D8E-97F2-09BF9BB7DB84}.Release|Any CPU.Build.0 = Release|Any CPU
	EndGlobalSection
	GlobalSection(SolutionProperties) = preSolution
		HideSolutionNode = FALSE
	EndGlobalSection
	GlobalSection(ExtensibilityGlobals) = postSolution
		SolutionGuid = {290751AA-73D2-4526-82D9-899EC336E963}
	EndGlobalSection
EndGlobal
