
Microsoft Visual Studio Solution File, Format Version 12.00
# Visual Studio Version 16
VisualStudioVersion = 16.0.31410.357
MinimumVisualStudioVersion = 10.0.40219.1
Project("{FAE04EC0-301F-11D3-BF4B-00C04F79EFBC}") = "WindowsFormsApp1_Excel_Lib", "WindowsFormsApp1_Excel_Lib\WindowsFormsApp1_Excel_Lib.csproj", "{03699C6E-EF51-4880-A207-7087A492B093}"
EndProject
Global
	GlobalSection(SolutionConfigurationPlatforms) = preSolution
		Debug|Any CPU = Debug|Any CPU
		Release|Any CPU = Release|Any CPU
	EndGlobalSection
	GlobalSection(ProjectConfigurationPlatforms) = postSolution
		{03699C6E-EF51-4880-A207-7087A492B093}.Debug|Any CPU.ActiveCfg = Debug|Any CPU
		{03699C6E-EF51-4880-A207-7087A492B093}.Debug|Any CPU.Build.0 = Debug|Any CPU
		{03699C6E-EF51-4880-A207-7087A492B093}.Release|Any CPU.ActiveCfg = Release|Any CPU
		{03699C6E-EF51-4880-A207-7087A492B093}.Release|Any CPU.Build.0 = Release|Any CPU
	EndGlobalSection
	GlobalSection(SolutionProperties) = preSolution
		HideSolutionNode = FALSE
	EndGlobalSection
	GlobalSection(ExtensibilityGlobals) = postSolution
		SolutionGuid = {63A59A04-663C-42BE-A73F-CAB2C4F983C2}
	EndGlobalSection
EndGlobal
